
Microsoft Visual Studio Solution File, Format Version 12.00
# Visual Studio Version 16
VisualStudioVersion = 16.0.29519.87
MinimumVisualStudioVersion = 10.0.40219.1
Project("{FAE04EC0-301F-11D3-BF4B-00C04F79EFBC}") = "SignalRChat", "SignalRChat\SignalRChat.csproj", "{E885D198-9E56-4140-BDB0-8EE4CD6AA310}"
EndProject
Global
	GlobalSection(SolutionConfigurationPlatforms) = preSolution
		Debug|Any CPU = Debug|Any CPU
		Release|Any CPU = Release|Any CPU
	EndGlobalSection
	GlobalSection(ProjectConfigurationPlatforms) = postSolution
		{E885D198-9E56-4140-BDB0-8EE4CD6AA310}.Debug|Any CPU.ActiveCfg = Debug|Any CPU
		{E885D198-9E56-4140-BDB0-8EE4CD6AA310}.Debug|Any CPU.Build.0 = Debug|Any CPU
		{E885D198-9E56-4140-BDB0-8EE4CD6AA310}.Release|Any CPU.ActiveCfg = Release|Any CPU
		{E885D198-9E56-4140-BDB0-8EE4CD6AA310}.Release|Any CPU.Build.0 = Release|Any CPU
	EndGlobalSection
	GlobalSection(SolutionProperties) = preSolution
		HideSolutionNode = FALSE
	EndGlobalSection
	GlobalSection(ExtensibilityGlobals) = postSolution
		SolutionGuid = {68A708BE-1C99-4E7E-9365-11B13CADEC5B}
	EndGlobalSection
EndGlobal
